
Microsoft Visual Studio Solution File, Format Version 12.00
# Visual Studio Version 16
VisualStudioVersion = 16.0.31624.102
MinimumVisualStudioVersion = 10.0.40219.1
Project("{8BC9CEB8-8B4A-11D0-8D11-00A0C91BC942}") = "Maximum", "Maximum\Maximum.vcxproj", "{9CE9FA18-0559-4135-B833-A413FE9E3A08}"
EndProject
Project("{8BC9CEB8-8B4A-11D0-8D11-00A0C91BC942}") = "Devinette", "Devinette\Devinette.vcxproj", "{278907AA-2384-44CD-8F23-6079718B884E}"
EndProject
Project("{8BC9CEB8-8B4A-11D0-8D11-00A0C91BC942}") = "Salaire", "Salaire\Salaire.vcxproj", "{04B495AC-A2E0-413F-98EC-1F6509CB8C68}"
EndProject
Global
	GlobalSection(SolutionConfigurationPlatforms) = preSolution
		Debug|x64 = Debug|x64
		Debug|x86 = Debug|x86
		Release|x64 = Release|x64
		Release|x86 = Release|x86
	EndGlobalSection
	GlobalSection(ProjectConfigurationPlatforms) = postSolution
		{9CE9FA18-0559-4135-B833-A413FE9E3A08}.Debug|x64.ActiveCfg = Debug|x64
		{9CE9FA18-0559-4135-B833-A413FE9E3A08}.Debug|x64.Build.0 = Debug|x64
		{9CE9FA18-0559-4135-B833-A413FE9E3A08}.Debug|x86.ActiveCfg = Debug|Win32
		{9CE9FA18-0559-4135-B833-A413FE9E3A08}.Debug|x86.Build.0 = Debug|Win32
		{9CE9FA18-0559-4135-B833-A413FE9E3A08}.Release|x64.ActiveCfg = Release|x64
		{9CE9FA18-0559-4135-B833-A413FE9E3A08}.Release|x64.Build.0 = Release|x64
		{9CE9FA18-0559-4135-B833-A413FE9E3A08}.Release|x86.ActiveCfg = Release|Win32
		{9CE9FA18-0559-4135-B833-A413FE9E3A08}.Release|x86.Build.0 = Release|Win32
		{278907AA-2384-44CD-8F23-6079718B884E}.Debug|x64.ActiveCfg = Debug|x64
		{278907AA-2384-44CD-8F23-6079718B884E}.Debug|x64.Build.0 = Debug|x64
		{278907AA-2384-44CD-8F23-6079718B884E}.Debug|x86.ActiveCfg = Debug|Win32
		{278907AA-2384-44CD-8F23-6079718B884E}.Debug|x86.Build.0 = Debug|Win32
		{278907AA-2384-44CD-8F23-6079718B884E}.Release|x64.ActiveCfg = Release|x64
		{278907AA-2384-44CD-8F23-6079718B884E}.Release|x64.Build.0 = Release|x64
		{278907AA-2384-44CD-8F23-6079718B884E}.Release|x86.ActiveCfg = Release|Win32
		{278907AA-2384-44CD-8F23-6079718B884E}.Release|x86.Build.0 = Release|Win32
		{04B495AC-A2E0-413F-98EC-1F6509CB8C68}.Debug|x64.ActiveCfg = Debug|x64
		{04B495AC-A2E0-413F-98EC-1F6509CB8C68}.Debug|x64.Build.0 = Debug|x64
		{04B495AC-A2E0-413F-98EC-1F6509CB8C68}.Debug|x86.ActiveCfg = Debug|Win32
		{04B495AC-A2E0-413F-98EC-1F6509CB8C68}.Debug|x86.Build.0 = Debug|Win32
		{04B495AC-A2E0-413F-98EC-1F6509CB8C68}.Release|x64.ActiveCfg = Release|x64
		{04B495AC-A2E0-413F-98EC-1F6509CB8C68}.Release|x64.Build.0 = Release|x64
		{04B495AC-A2E0-413F-98EC-1F6509CB8C68}.Release|x86.ActiveCfg = Release|Win32
		{04B495AC-A2E0-413F-98EC-1F6509CB8C68}.Release|x86.Build.0 = Release|Win32
	EndGlobalSection
	GlobalSection(SolutionProperties) = preSolution
		HideSolutionNode = FALSE
	EndGlobalSection
	GlobalSection(ExtensibilityGlobals) = postSolution
		SolutionGuid = {70318BB8-AE56-4643-9B1A-40657EC2EF6A}
	EndGlobalSection
EndGlobal
